PODS:
  - Swift_SimpleNetworkLibrary (0.2.0)

DEPENDENCIES:
  - Swift_SimpleNetworkLibrary (from `../`)

EXTERNAL SOURCES:
  Swift_SimpleNetworkLibrary:
    :path: "../"

SPEC CHECKSUMS:
  Swift_SimpleNetworkLibrary: 81c4e2e28d3f8698f92a7b493925f91e274783df

PODFILE CHECKSUM: 336f487629b822ec1b2cb69ccf1b4d42f014c595

COCOAPODS: 1.5.3
